
Microsoft Visual Studio Solution File, Format Version 12.00
# Visual Studio Version 16
VisualStudioVersion = 16.0.30523.141
MinimumVisualStudioVersion = 10.0.40219.1
Project("{FAE04EC0-301F-11D3-BF4B-00C04F79EFBC}") = "2", "2.csproj", "{30B7174F-FC3B-4B73-9D01-74D66FCAA53B}"
EndProject
Global
	GlobalSection(SolutionConfigurationPlatforms) = preSolution
		Debug|Any CPU = Debug|Any CPU
		Release|Any CPU = Release|Any CPU
	EndGlobalSection
	GlobalSection(ProjectConfigurationPlatforms) = postSolution
		{30B7174F-FC3B-4B73-9D01-74D66FCAA53B}.Debug|Any CPU.ActiveCfg = Debug|Any CPU
		{30B7174F-FC3B-4B73-9D01-74D66FCAA53B}.Debug|Any CPU.Build.0 = Debug|Any CPU
		{30B7174F-FC3B-4B73-9D01-74D66FCAA53B}.Release|Any CPU.ActiveCfg = Release|Any CPU
		{30B7174F-FC3B-4B73-9D01-74D66FCAA53B}.Release|Any CPU.Build.0 = Release|Any CPU
	EndGlobalSection
	GlobalSection(SolutionProperties) = preSolution
		HideSolutionNode = FALSE
	EndGlobalSection
	GlobalSection(ExtensibilityGlobals) = postSolution
		SolutionGuid = {77C5B9D5-1535-460D-9D0E-C21329AC5A7D}
	EndGlobalSection
EndGlobal
