
Microsoft Visual Studio Solution File, Format Version 12.00
# Visual Studio Version 16
VisualStudioVersion = 16.0.30523.141
MinimumVisualStudioVersion = 10.0.40219.1
Project("{FAE04EC0-301F-11D3-BF4B-00C04F79EFBC}") = "3", "3.csproj", "{305950A5-9460-4C75-976B-D6498B106397}"
EndProject
Global
	GlobalSection(SolutionConfigurationPlatforms) = preSolution
		Debug|Any CPU = Debug|Any CPU
		Release|Any CPU = Release|Any CPU
	EndGlobalSection
	GlobalSection(ProjectConfigurationPlatforms) = postSolution
		{305950A5-9460-4C75-976B-D6498B106397}.Debug|Any CPU.ActiveCfg = Debug|Any CPU
		{305950A5-9460-4C75-976B-D6498B106397}.Debug|Any CPU.Build.0 = Debug|Any CPU
		{305950A5-9460-4C75-976B-D6498B106397}.Release|Any CPU.ActiveCfg = Release|Any CPU
		{305950A5-9460-4C75-976B-D6498B106397}.Release|Any CPU.Build.0 = Release|Any CPU
	EndGlobalSection
	GlobalSection(SolutionProperties) = preSolution
		HideSolutionNode = FALSE
	EndGlobalSection
	GlobalSection(ExtensibilityGlobals) = postSolution
		SolutionGuid = {731CD71D-42B9-4468-9171-646541902EF3}
	EndGlobalSection
EndGlobal
