
Microsoft Visual Studio Solution File, Format Version 12.00
# Visual Studio Version 16
VisualStudioVersion = 16.0.30523.141
MinimumVisualStudioVersion = 10.0.40219.1
Project("{FAE04EC0-301F-11D3-BF4B-00C04F79EFBC}") = "2", "2.csproj", "{AAE0698A-8B24-4121-ABB2-430F773D33E8}"
EndProject
Global
	GlobalSection(SolutionConfigurationPlatforms) = preSolution
		Debug|Any CPU = Debug|Any CPU
		Release|Any CPU = Release|Any CPU
	EndGlobalSection
	GlobalSection(ProjectConfigurationPlatforms) = postSolution
		{AAE0698A-8B24-4121-ABB2-430F773D33E8}.Debug|Any CPU.ActiveCfg = Debug|Any CPU
		{AAE0698A-8B24-4121-ABB2-430F773D33E8}.Debug|Any CPU.Build.0 = Debug|Any CPU
		{AAE0698A-8B24-4121-ABB2-430F773D33E8}.Release|Any CPU.ActiveCfg = Release|Any CPU
		{AAE0698A-8B24-4121-ABB2-430F773D33E8}.Release|Any CPU.Build.0 = Release|Any CPU
	EndGlobalSection
	GlobalSection(SolutionProperties) = preSolution
		HideSolutionNode = FALSE
	EndGlobalSection
	GlobalSection(ExtensibilityGlobals) = postSolution
		SolutionGuid = {641B4E2D-7A9B-48D7-929A-7C2376DC251A}
	EndGlobalSection
EndGlobal
