
Microsoft Visual Studio Solution File, Format Version 12.00
# Visual Studio Version 16
VisualStudioVersion = 16.0.30523.141
MinimumVisualStudioVersion = 10.0.40219.1
Project("{FAE04EC0-301F-11D3-BF4B-00C04F79EFBC}") = "2", "2.csproj", "{2F16BAE9-B7EB-4B04-81A3-0230BFCD174F}"
EndProject
Global
	GlobalSection(SolutionConfigurationPlatforms) = preSolution
		Debug|Any CPU = Debug|Any CPU
		Release|Any CPU = Release|Any CPU
	EndGlobalSection
	GlobalSection(ProjectConfigurationPlatforms) = postSolution
		{2F16BAE9-B7EB-4B04-81A3-0230BFCD174F}.Debug|Any CPU.ActiveCfg = Debug|Any CPU
		{2F16BAE9-B7EB-4B04-81A3-0230BFCD174F}.Debug|Any CPU.Build.0 = Debug|Any CPU
		{2F16BAE9-B7EB-4B04-81A3-0230BFCD174F}.Release|Any CPU.ActiveCfg = Release|Any CPU
		{2F16BAE9-B7EB-4B04-81A3-0230BFCD174F}.Release|Any CPU.Build.0 = Release|Any CPU
	EndGlobalSection
	GlobalSection(SolutionProperties) = preSolution
		HideSolutionNode = FALSE
	EndGlobalSection
	GlobalSection(ExtensibilityGlobals) = postSolution
		SolutionGuid = {F07F6EA2-2A0A-4A90-B1E2-1E1B34C41EA5}
	EndGlobalSection
EndGlobal
