
Microsoft Visual Studio Solution File, Format Version 12.00
# Visual Studio Version 16
VisualStudioVersion = 16.0.30523.141
MinimumVisualStudioVersion = 10.0.40219.1
Project("{FAE04EC0-301F-11D3-BF4B-00C04F79EFBC}") = "4", "4.csproj", "{5C99BC4F-1568-452F-80E7-92C02EA2A23F}"
EndProject
Global
	GlobalSection(SolutionConfigurationPlatforms) = preSolution
		Debug|Any CPU = Debug|Any CPU
		Release|Any CPU = Release|Any CPU
	EndGlobalSection
	GlobalSection(ProjectConfigurationPlatforms) = postSolution
		{5C99BC4F-1568-452F-80E7-92C02EA2A23F}.Debug|Any CPU.ActiveCfg = Debug|Any CPU
		{5C99BC4F-1568-452F-80E7-92C02EA2A23F}.Debug|Any CPU.Build.0 = Debug|Any CPU
		{5C99BC4F-1568-452F-80E7-92C02EA2A23F}.Release|Any CPU.ActiveCfg = Release|Any CPU
		{5C99BC4F-1568-452F-80E7-92C02EA2A23F}.Release|Any CPU.Build.0 = Release|Any CPU
	EndGlobalSection
	GlobalSection(SolutionProperties) = preSolution
		HideSolutionNode = FALSE
	EndGlobalSection
	GlobalSection(ExtensibilityGlobals) = postSolution
		SolutionGuid = {9B427C34-F6DE-4785-86C7-6AB4DEE53BF0}
	EndGlobalSection
EndGlobal
