
Microsoft Visual Studio Solution File, Format Version 12.00
# Visual Studio Version 16
VisualStudioVersion = 16.0.30523.141
MinimumVisualStudioVersion = 10.0.40219.1
Project("{FAE04EC0-301F-11D3-BF4B-00C04F79EFBC}") = "4", "4.csproj", "{3104C1A0-CB33-45DD-8C46-A56D9A0B6EEF}"
EndProject
Global
	GlobalSection(SolutionConfigurationPlatforms) = preSolution
		Debug|Any CPU = Debug|Any CPU
		Release|Any CPU = Release|Any CPU
	EndGlobalSection
	GlobalSection(ProjectConfigurationPlatforms) = postSolution
		{3104C1A0-CB33-45DD-8C46-A56D9A0B6EEF}.Debug|Any CPU.ActiveCfg = Debug|Any CPU
		{3104C1A0-CB33-45DD-8C46-A56D9A0B6EEF}.Debug|Any CPU.Build.0 = Debug|Any CPU
		{3104C1A0-CB33-45DD-8C46-A56D9A0B6EEF}.Release|Any CPU.ActiveCfg = Release|Any CPU
		{3104C1A0-CB33-45DD-8C46-A56D9A0B6EEF}.Release|Any CPU.Build.0 = Release|Any CPU
	EndGlobalSection
	GlobalSection(SolutionProperties) = preSolution
		HideSolutionNode = FALSE
	EndGlobalSection
	GlobalSection(ExtensibilityGlobals) = postSolution
		SolutionGuid = {990C359C-8B32-45C6-B1EF-75BA4022D4B1}
	EndGlobalSection
EndGlobal
