
Microsoft Visual Studio Solution File, Format Version 12.00
# Visual Studio Version 16
VisualStudioVersion = 16.0.30523.141
MinimumVisualStudioVersion = 10.0.40219.1
Project("{FAE04EC0-301F-11D3-BF4B-00C04F79EFBC}") = "4", "4.csproj", "{68C2E78A-CAA1-4DC9-81DB-7E26B3BCEB9C}"
EndProject
Global
	GlobalSection(SolutionConfigurationPlatforms) = preSolution
		Debug|Any CPU = Debug|Any CPU
		Release|Any CPU = Release|Any CPU
	EndGlobalSection
	GlobalSection(ProjectConfigurationPlatforms) = postSolution
		{68C2E78A-CAA1-4DC9-81DB-7E26B3BCEB9C}.Debug|Any CPU.ActiveCfg = Debug|Any CPU
		{68C2E78A-CAA1-4DC9-81DB-7E26B3BCEB9C}.Debug|Any CPU.Build.0 = Debug|Any CPU
		{68C2E78A-CAA1-4DC9-81DB-7E26B3BCEB9C}.Release|Any CPU.ActiveCfg = Release|Any CPU
		{68C2E78A-CAA1-4DC9-81DB-7E26B3BCEB9C}.Release|Any CPU.Build.0 = Release|Any CPU
	EndGlobalSection
	GlobalSection(SolutionProperties) = preSolution
		HideSolutionNode = FALSE
	EndGlobalSection
	GlobalSection(ExtensibilityGlobals) = postSolution
		SolutionGuid = {8CA87BEB-1A33-49D6-B882-FADA993E7CEE}
	EndGlobalSection
EndGlobal
