
Microsoft Visual Studio Solution File, Format Version 12.00
# Visual Studio Version 16
VisualStudioVersion = 16.0.30523.141
MinimumVisualStudioVersion = 10.0.40219.1
Project("{FAE04EC0-301F-11D3-BF4B-00C04F79EFBC}") = "2", "2.csproj", "{D171E675-1247-4DCE-86F3-BFD875548C00}"
EndProject
Global
	GlobalSection(SolutionConfigurationPlatforms) = preSolution
		Debug|Any CPU = Debug|Any CPU
		Release|Any CPU = Release|Any CPU
	EndGlobalSection
	GlobalSection(ProjectConfigurationPlatforms) = postSolution
		{D171E675-1247-4DCE-86F3-BFD875548C00}.Debug|Any CPU.ActiveCfg = Debug|Any CPU
		{D171E675-1247-4DCE-86F3-BFD875548C00}.Debug|Any CPU.Build.0 = Debug|Any CPU
		{D171E675-1247-4DCE-86F3-BFD875548C00}.Release|Any CPU.ActiveCfg = Release|Any CPU
		{D171E675-1247-4DCE-86F3-BFD875548C00}.Release|Any CPU.Build.0 = Release|Any CPU
	EndGlobalSection
	GlobalSection(SolutionProperties) = preSolution
		HideSolutionNode = FALSE
	EndGlobalSection
	GlobalSection(ExtensibilityGlobals) = postSolution
		SolutionGuid = {804F48CB-1A07-48B8-A05A-F7B5CEAC7CF5}
	EndGlobalSection
EndGlobal
