
Microsoft Visual Studio Solution File, Format Version 12.00
# Visual Studio Version 16
VisualStudioVersion = 16.0.30523.141
MinimumVisualStudioVersion = 10.0.40219.1
Project("{FAE04EC0-301F-11D3-BF4B-00C04F79EFBC}") = "2", "2.csproj", "{D5CDEC62-5B96-421E-B0BA-D7DFBF6FF638}"
EndProject
Global
	GlobalSection(SolutionConfigurationPlatforms) = preSolution
		Debug|Any CPU = Debug|Any CPU
		Release|Any CPU = Release|Any CPU
	EndGlobalSection
	GlobalSection(ProjectConfigurationPlatforms) = postSolution
		{D5CDEC62-5B96-421E-B0BA-D7DFBF6FF638}.Debug|Any CPU.ActiveCfg = Debug|Any CPU
		{D5CDEC62-5B96-421E-B0BA-D7DFBF6FF638}.Debug|Any CPU.Build.0 = Debug|Any CPU
		{D5CDEC62-5B96-421E-B0BA-D7DFBF6FF638}.Release|Any CPU.ActiveCfg = Release|Any CPU
		{D5CDEC62-5B96-421E-B0BA-D7DFBF6FF638}.Release|Any CPU.Build.0 = Release|Any CPU
	EndGlobalSection
	GlobalSection(SolutionProperties) = preSolution
		HideSolutionNode = FALSE
	EndGlobalSection
	GlobalSection(ExtensibilityGlobals) = postSolution
		SolutionGuid = {F54B2096-EC8B-4AE4-9052-76AA3FEB3E85}
	EndGlobalSection
EndGlobal
