
Microsoft Visual Studio Solution File, Format Version 12.00
# Visual Studio Version 16
VisualStudioVersion = 16.0.30523.141
MinimumVisualStudioVersion = 10.0.40219.1
Project("{FAE04EC0-301F-11D3-BF4B-00C04F79EFBC}") = "2", "2.csproj", "{7C620F96-D39C-4AC6-B25F-2A909CCFA2C8}"
EndProject
Global
	GlobalSection(SolutionConfigurationPlatforms) = preSolution
		Debug|Any CPU = Debug|Any CPU
		Release|Any CPU = Release|Any CPU
	EndGlobalSection
	GlobalSection(ProjectConfigurationPlatforms) = postSolution
		{7C620F96-D39C-4AC6-B25F-2A909CCFA2C8}.Debug|Any CPU.ActiveCfg = Debug|Any CPU
		{7C620F96-D39C-4AC6-B25F-2A909CCFA2C8}.Debug|Any CPU.Build.0 = Debug|Any CPU
		{7C620F96-D39C-4AC6-B25F-2A909CCFA2C8}.Release|Any CPU.ActiveCfg = Release|Any CPU
		{7C620F96-D39C-4AC6-B25F-2A909CCFA2C8}.Release|Any CPU.Build.0 = Release|Any CPU
	EndGlobalSection
	GlobalSection(SolutionProperties) = preSolution
		HideSolutionNode = FALSE
	EndGlobalSection
	GlobalSection(ExtensibilityGlobals) = postSolution
		SolutionGuid = {E7601B56-0023-4352-A54C-FE8F78B247D6}
	EndGlobalSection
EndGlobal
