
Microsoft Visual Studio Solution File, Format Version 12.00
# Visual Studio Version 16
VisualStudioVersion = 16.0.30523.141
MinimumVisualStudioVersion = 10.0.40219.1
Project("{FAE04EC0-301F-11D3-BF4B-00C04F79EFBC}") = "3", "3.csproj", "{8C971B8A-07EC-41E9-8E8F-DF2B583787A6}"
EndProject
Global
	GlobalSection(SolutionConfigurationPlatforms) = preSolution
		Debug|Any CPU = Debug|Any CPU
		Release|Any CPU = Release|Any CPU
	EndGlobalSection
	GlobalSection(ProjectConfigurationPlatforms) = postSolution
		{8C971B8A-07EC-41E9-8E8F-DF2B583787A6}.Debug|Any CPU.ActiveCfg = Debug|Any CPU
		{8C971B8A-07EC-41E9-8E8F-DF2B583787A6}.Debug|Any CPU.Build.0 = Debug|Any CPU
		{8C971B8A-07EC-41E9-8E8F-DF2B583787A6}.Release|Any CPU.ActiveCfg = Release|Any CPU
		{8C971B8A-07EC-41E9-8E8F-DF2B583787A6}.Release|Any CPU.Build.0 = Release|Any CPU
	EndGlobalSection
	GlobalSection(SolutionProperties) = preSolution
		HideSolutionNode = FALSE
	EndGlobalSection
	GlobalSection(ExtensibilityGlobals) = postSolution
		SolutionGuid = {6D5B94BF-BB88-46B9-8926-344310E2C39C}
	EndGlobalSection
EndGlobal
