
Microsoft Visual Studio Solution File, Format Version 12.00
# Visual Studio Version 16
VisualStudioVersion = 16.0.30523.141
MinimumVisualStudioVersion = 10.0.40219.1
Project("{FAE04EC0-301F-11D3-BF4B-00C04F79EFBC}") = "1", "1.csproj", "{F13A36BA-C813-4E01-9FE3-FB3564FA2DA1}"
EndProject
Global
	GlobalSection(SolutionConfigurationPlatforms) = preSolution
		Debug|Any CPU = Debug|Any CPU
		Release|Any CPU = Release|Any CPU
	EndGlobalSection
	GlobalSection(ProjectConfigurationPlatforms) = postSolution
		{F13A36BA-C813-4E01-9FE3-FB3564FA2DA1}.Debug|Any CPU.ActiveCfg = Debug|Any CPU
		{F13A36BA-C813-4E01-9FE3-FB3564FA2DA1}.Debug|Any CPU.Build.0 = Debug|Any CPU
		{F13A36BA-C813-4E01-9FE3-FB3564FA2DA1}.Release|Any CPU.ActiveCfg = Release|Any CPU
		{F13A36BA-C813-4E01-9FE3-FB3564FA2DA1}.Release|Any CPU.Build.0 = Release|Any CPU
	EndGlobalSection
	GlobalSection(SolutionProperties) = preSolution
		HideSolutionNode = FALSE
	EndGlobalSection
	GlobalSection(ExtensibilityGlobals) = postSolution
		SolutionGuid = {3CBC9EF1-60DE-4EEA-A161-48E3E341EFC6}
	EndGlobalSection
EndGlobal
