
Microsoft Visual Studio Solution File, Format Version 12.00
# Visual Studio Version 16
VisualStudioVersion = 16.0.30523.141
MinimumVisualStudioVersion = 10.0.40219.1
Project("{FAE04EC0-301F-11D3-BF4B-00C04F79EFBC}") = "5", "5.csproj", "{84F9A2FD-3D80-493A-9DE5-DB0B5DAECB39}"
EndProject
Global
	GlobalSection(SolutionConfigurationPlatforms) = preSolution
		Debug|Any CPU = Debug|Any CPU
		Release|Any CPU = Release|Any CPU
	EndGlobalSection
	GlobalSection(ProjectConfigurationPlatforms) = postSolution
		{84F9A2FD-3D80-493A-9DE5-DB0B5DAECB39}.Debug|Any CPU.ActiveCfg = Debug|Any CPU
		{84F9A2FD-3D80-493A-9DE5-DB0B5DAECB39}.Debug|Any CPU.Build.0 = Debug|Any CPU
		{84F9A2FD-3D80-493A-9DE5-DB0B5DAECB39}.Release|Any CPU.ActiveCfg = Release|Any CPU
		{84F9A2FD-3D80-493A-9DE5-DB0B5DAECB39}.Release|Any CPU.Build.0 = Release|Any CPU
	EndGlobalSection
	GlobalSection(SolutionProperties) = preSolution
		HideSolutionNode = FALSE
	EndGlobalSection
	GlobalSection(ExtensibilityGlobals) = postSolution
		SolutionGuid = {F2D9C0F6-FDDC-4836-B4CA-90D94B7EF25B}
	EndGlobalSection
EndGlobal
