
Microsoft Visual Studio Solution File, Format Version 12.00
# Visual Studio Version 16
VisualStudioVersion = 16.0.30523.141
MinimumVisualStudioVersion = 10.0.40219.1
Project("{FAE04EC0-301F-11D3-BF4B-00C04F79EFBC}") = "2", "2.csproj", "{49261CE0-D89B-4975-B247-E9EE18A5E0F9}"
EndProject
Global
	GlobalSection(SolutionConfigurationPlatforms) = preSolution
		Debug|Any CPU = Debug|Any CPU
		Release|Any CPU = Release|Any CPU
	EndGlobalSection
	GlobalSection(ProjectConfigurationPlatforms) = postSolution
		{49261CE0-D89B-4975-B247-E9EE18A5E0F9}.Debug|Any CPU.ActiveCfg = Debug|Any CPU
		{49261CE0-D89B-4975-B247-E9EE18A5E0F9}.Debug|Any CPU.Build.0 = Debug|Any CPU
		{49261CE0-D89B-4975-B247-E9EE18A5E0F9}.Release|Any CPU.ActiveCfg = Release|Any CPU
		{49261CE0-D89B-4975-B247-E9EE18A5E0F9}.Release|Any CPU.Build.0 = Release|Any CPU
	EndGlobalSection
	GlobalSection(SolutionProperties) = preSolution
		HideSolutionNode = FALSE
	EndGlobalSection
	GlobalSection(ExtensibilityGlobals) = postSolution
		SolutionGuid = {C5E3D14C-8F03-4F34-93D6-306DEB1C1FB7}
	EndGlobalSection
EndGlobal
