
Microsoft Visual Studio Solution File, Format Version 12.00
# Visual Studio Version 16
VisualStudioVersion = 16.0.30523.141
MinimumVisualStudioVersion = 10.0.40219.1
Project("{FAE04EC0-301F-11D3-BF4B-00C04F79EFBC}") = "3", "3.csproj", "{8205EEA0-9FAB-40F9-912A-74F665AFB1DA}"
EndProject
Global
	GlobalSection(SolutionConfigurationPlatforms) = preSolution
		Debug|Any CPU = Debug|Any CPU
		Release|Any CPU = Release|Any CPU
	EndGlobalSection
	GlobalSection(ProjectConfigurationPlatforms) = postSolution
		{8205EEA0-9FAB-40F9-912A-74F665AFB1DA}.Debug|Any CPU.ActiveCfg = Debug|Any CPU
		{8205EEA0-9FAB-40F9-912A-74F665AFB1DA}.Debug|Any CPU.Build.0 = Debug|Any CPU
		{8205EEA0-9FAB-40F9-912A-74F665AFB1DA}.Release|Any CPU.ActiveCfg = Release|Any CPU
		{8205EEA0-9FAB-40F9-912A-74F665AFB1DA}.Release|Any CPU.Build.0 = Release|Any CPU
	EndGlobalSection
	GlobalSection(SolutionProperties) = preSolution
		HideSolutionNode = FALSE
	EndGlobalSection
	GlobalSection(ExtensibilityGlobals) = postSolution
		SolutionGuid = {09769DBD-865F-42CB-B216-5BD3BCA4192B}
	EndGlobalSection
EndGlobal
