
Microsoft Visual Studio Solution File, Format Version 12.00
# Visual Studio Version 16
VisualStudioVersion = 16.0.30523.141
MinimumVisualStudioVersion = 10.0.40219.1
Project("{FAE04EC0-301F-11D3-BF4B-00C04F79EFBC}") = "1", "1.csproj", "{DF6C277A-B07E-4D38-BE4E-7B29383D0B41}"
EndProject
Global
	GlobalSection(SolutionConfigurationPlatforms) = preSolution
		Debug|Any CPU = Debug|Any CPU
		Release|Any CPU = Release|Any CPU
	EndGlobalSection
	GlobalSection(ProjectConfigurationPlatforms) = postSolution
		{DF6C277A-B07E-4D38-BE4E-7B29383D0B41}.Debug|Any CPU.ActiveCfg = Debug|Any CPU
		{DF6C277A-B07E-4D38-BE4E-7B29383D0B41}.Debug|Any CPU.Build.0 = Debug|Any CPU
		{DF6C277A-B07E-4D38-BE4E-7B29383D0B41}.Release|Any CPU.ActiveCfg = Release|Any CPU
		{DF6C277A-B07E-4D38-BE4E-7B29383D0B41}.Release|Any CPU.Build.0 = Release|Any CPU
	EndGlobalSection
	GlobalSection(SolutionProperties) = preSolution
		HideSolutionNode = FALSE
	EndGlobalSection
	GlobalSection(ExtensibilityGlobals) = postSolution
		SolutionGuid = {61DB7E5D-B654-4FE7-85FE-4E2D4D85EFA2}
	EndGlobalSection
EndGlobal
