
Microsoft Visual Studio Solution File, Format Version 12.00
# Visual Studio Version 16
VisualStudioVersion = 16.0.30523.141
MinimumVisualStudioVersion = 10.0.40219.1
Project("{FAE04EC0-301F-11D3-BF4B-00C04F79EFBC}") = "3", "3.csproj", "{D21A5F6B-F621-4524-A873-5B48D68316D6}"
EndProject
Global
	GlobalSection(SolutionConfigurationPlatforms) = preSolution
		Debug|Any CPU = Debug|Any CPU
		Release|Any CPU = Release|Any CPU
	EndGlobalSection
	GlobalSection(ProjectConfigurationPlatforms) = postSolution
		{D21A5F6B-F621-4524-A873-5B48D68316D6}.Debug|Any CPU.ActiveCfg = Debug|Any CPU
		{D21A5F6B-F621-4524-A873-5B48D68316D6}.Debug|Any CPU.Build.0 = Debug|Any CPU
		{D21A5F6B-F621-4524-A873-5B48D68316D6}.Release|Any CPU.ActiveCfg = Release|Any CPU
		{D21A5F6B-F621-4524-A873-5B48D68316D6}.Release|Any CPU.Build.0 = Release|Any CPU
	EndGlobalSection
	GlobalSection(SolutionProperties) = preSolution
		HideSolutionNode = FALSE
	EndGlobalSection
	GlobalSection(ExtensibilityGlobals) = postSolution
		SolutionGuid = {9E3D62FE-21C1-4E40-9579-0634569DF999}
	EndGlobalSection
EndGlobal
