
Microsoft Visual Studio Solution File, Format Version 12.00
# Visual Studio Version 16
VisualStudioVersion = 16.0.30523.141
MinimumVisualStudioVersion = 10.0.40219.1
Project("{FAE04EC0-301F-11D3-BF4B-00C04F79EFBC}") = "6", "6.csproj", "{C4E45217-20C6-4F22-9371-5F603E51FCEC}"
EndProject
Global
	GlobalSection(SolutionConfigurationPlatforms) = preSolution
		Debug|Any CPU = Debug|Any CPU
		Release|Any CPU = Release|Any CPU
	EndGlobalSection
	GlobalSection(ProjectConfigurationPlatforms) = postSolution
		{C4E45217-20C6-4F22-9371-5F603E51FCEC}.Debug|Any CPU.ActiveCfg = Debug|Any CPU
		{C4E45217-20C6-4F22-9371-5F603E51FCEC}.Debug|Any CPU.Build.0 = Debug|Any CPU
		{C4E45217-20C6-4F22-9371-5F603E51FCEC}.Release|Any CPU.ActiveCfg = Release|Any CPU
		{C4E45217-20C6-4F22-9371-5F603E51FCEC}.Release|Any CPU.Build.0 = Release|Any CPU
	EndGlobalSection
	GlobalSection(SolutionProperties) = preSolution
		HideSolutionNode = FALSE
	EndGlobalSection
	GlobalSection(ExtensibilityGlobals) = postSolution
		SolutionGuid = {95C195AB-1F50-4340-8EDC-E7C3F9BAE8C4}
	EndGlobalSection
EndGlobal
