
Microsoft Visual Studio Solution File, Format Version 12.00
# Visual Studio Version 16
VisualStudioVersion = 16.0.30523.141
MinimumVisualStudioVersion = 10.0.40219.1
Project("{FAE04EC0-301F-11D3-BF4B-00C04F79EFBC}") = "7", "7.csproj", "{F08F062C-44A4-4C23-AF71-B7A959C52217}"
EndProject
Global
	GlobalSection(SolutionConfigurationPlatforms) = preSolution
		Debug|Any CPU = Debug|Any CPU
		Release|Any CPU = Release|Any CPU
	EndGlobalSection
	GlobalSection(ProjectConfigurationPlatforms) = postSolution
		{F08F062C-44A4-4C23-AF71-B7A959C52217}.Debug|Any CPU.ActiveCfg = Debug|Any CPU
		{F08F062C-44A4-4C23-AF71-B7A959C52217}.Debug|Any CPU.Build.0 = Debug|Any CPU
		{F08F062C-44A4-4C23-AF71-B7A959C52217}.Release|Any CPU.ActiveCfg = Release|Any CPU
		{F08F062C-44A4-4C23-AF71-B7A959C52217}.Release|Any CPU.Build.0 = Release|Any CPU
	EndGlobalSection
	GlobalSection(SolutionProperties) = preSolution
		HideSolutionNode = FALSE
	EndGlobalSection
	GlobalSection(ExtensibilityGlobals) = postSolution
		SolutionGuid = {5B6245E4-DF6D-4E05-9EF3-A8EBB0028CF4}
	EndGlobalSection
EndGlobal
