
Microsoft Visual Studio Solution File, Format Version 12.00
# Visual Studio Version 16
VisualStudioVersion = 16.0.30523.141
MinimumVisualStudioVersion = 10.0.40219.1
Project("{FAE04EC0-301F-11D3-BF4B-00C04F79EFBC}") = "1", "1.csproj", "{43211300-77A7-41D6-A55C-93C5FF10B111}"
EndProject
Global
	GlobalSection(SolutionConfigurationPlatforms) = preSolution
		Debug|Any CPU = Debug|Any CPU
		Release|Any CPU = Release|Any CPU
	EndGlobalSection
	GlobalSection(ProjectConfigurationPlatforms) = postSolution
		{43211300-77A7-41D6-A55C-93C5FF10B111}.Debug|Any CPU.ActiveCfg = Debug|Any CPU
		{43211300-77A7-41D6-A55C-93C5FF10B111}.Debug|Any CPU.Build.0 = Debug|Any CPU
		{43211300-77A7-41D6-A55C-93C5FF10B111}.Release|Any CPU.ActiveCfg = Release|Any CPU
		{43211300-77A7-41D6-A55C-93C5FF10B111}.Release|Any CPU.Build.0 = Release|Any CPU
	EndGlobalSection
	GlobalSection(SolutionProperties) = preSolution
		HideSolutionNode = FALSE
	EndGlobalSection
	GlobalSection(ExtensibilityGlobals) = postSolution
		SolutionGuid = {1AA89807-A107-4DD9-8774-925E5294443E}
	EndGlobalSection
EndGlobal
